
Microsoft Visual Studio Solution File, Format Version 12.00
# Visual Studio Version 17
VisualStudioVersion = 17.8.34004.107
MinimumVisualStudioVersion = 10.0.40219.1
Project("{FAE04EC0-301F-11D3-BF4B-00C04F79EFBC}") = "Blazorvo.Api", "Blazorvo.Api\Blazorvo.Api.csproj", "{A95D7E19-3DD9-478F-B70E-4B8A1534D33C}"
EndProject
Global
	GlobalSection(SolutionConfigurationPlatforms) = preSolution
		Debug|Any CPU = Debug|Any CPU
		Release|Any CPU = Release|Any CPU
	EndGlobalSection
	GlobalSection(ProjectConfigurationPlatforms) = postSolution
		{A95D7E19-3DD9-478F-B70E-4B8A1534D33C}.Debug|Any CPU.ActiveCfg = Debug|Any CPU
		{A95D7E19-3DD9-478F-B70E-4B8A1534D33C}.Debug|Any CPU.Build.0 = Debug|Any CPU
		{A95D7E19-3DD9-478F-B70E-4B8A1534D33C}.Release|Any CPU.ActiveCfg = Release|Any CPU
		{A95D7E19-3DD9-478F-B70E-4B8A1534D33C}.Release|Any CPU.Build.0 = Release|Any CPU
	EndGlobalSection
	GlobalSection(SolutionProperties) = preSolution
		HideSolutionNode = FALSE
	EndGlobalSection
	GlobalSection(ExtensibilityGlobals) = postSolution
		SolutionGuid = {B0EA4AE7-2A62-412E-B167-FF620BB1489C}
	EndGlobalSection
EndGlobal
